
Microsoft Visual Studio Solution File, Format Version 12.00
# Visual Studio 15
VisualStudioVersion = 15.0.28010.2026
MinimumVisualStudioVersion = 10.0.40219.1
Project("{9A19103F-16F7-4668-BE54-9A1E7A4F7556}") = "BankingApp", "BankingApp\BankingApp.csproj", "{2E2C26A1-12E8-4E2C-B38E-007B897FBAA9}"
EndProject
Global
	GlobalSection(SolutionConfigurationPlatforms) = preSolution
		Debug|Any CPU = Debug|Any CPU
		Release|Any CPU = Release|Any CPU
	EndGlobalSection
	GlobalSection(ProjectConfigurationPlatforms) = postSolution
		{2E2C26A1-12E8-4E2C-B38E-007B897FBAA9}.Debug|Any CPU.ActiveCfg = Debug|Any CPU
		{2E2C26A1-12E8-4E2C-B38E-007B897FBAA9}.Debug|Any CPU.Build.0 = Debug|Any CPU
		{2E2C26A1-12E8-4E2C-B38E-007B897FBAA9}.Release|Any CPU.ActiveCfg = Release|Any CPU
		{2E2C26A1-12E8-4E2C-B38E-007B897FBAA9}.Release|Any CPU.Build.0 = Release|Any CPU
	EndGlobalSection
	GlobalSection(SolutionProperties) = preSolution
		HideSolutionNode = FALSE
	EndGlobalSection
	GlobalSection(ExtensibilityGlobals) = postSolution
		SolutionGuid = {17F4D579-D918-487D-91C8-A3639D94A578}
	EndGlobalSection
EndGlobal
